# THIS IS AN AUTOGENERATED FILE. DO NOT EDIT THIS FILE DIRECTLY.
# yarn lockfile v1


react-native-express@^0.0.1:
  version "0.0.1"
  resolved "https://registry.npm.taobao.org/react-native-express/download/react-native-express-0.0.1.tgz#f3e6130ebe5f0fb5ac35fea4c46bf26bdf7c3024"
  integrity sha1-8+YTDr5fD7WsNf6kxGvya998MCQ=
